
Microsoft Visual Studio Solution File, Format Version 12.00
# Visual Studio Version 17
VisualStudioVersion = 17.2.32526.322
MinimumVisualStudioVersion = 10.0.40219.1
Project("{FAE04EC0-301F-11D3-BF4B-00C04F79EFBC}") = "ASP_Autenticacao", "ASP_Autenticacao\ASP_Autenticacao.csproj", "{0E0C3DA5-2612-483C-B0CB-EBE3B1A885A5}"
EndProject
Global
	GlobalSection(SolutionConfigurationPlatforms) = preSolution
		Debug|Any CPU = Debug|Any CPU
		Release|Any CPU = Release|Any CPU
	EndGlobalSection
	GlobalSection(ProjectConfigurationPlatforms) = postSolution
		{0E0C3DA5-2612-483C-B0CB-EBE3B1A885A5}.Debug|Any CPU.ActiveCfg = Debug|Any CPU
		{0E0C3DA5-2612-483C-B0CB-EBE3B1A885A5}.Debug|Any CPU.Build.0 = Debug|Any CPU
		{0E0C3DA5-2612-483C-B0CB-EBE3B1A885A5}.Release|Any CPU.ActiveCfg = Release|Any CPU
		{0E0C3DA5-2612-483C-B0CB-EBE3B1A885A5}.Release|Any CPU.Build.0 = Release|Any CPU
	EndGlobalSection
	GlobalSection(SolutionProperties) = preSolution
		HideSolutionNode = FALSE
	EndGlobalSection
	GlobalSection(ExtensibilityGlobals) = postSolution
		SolutionGuid = {6AEDF314-49C2-4CA9-9E83-7DE1387F70A1}
	EndGlobalSection
EndGlobal
